
Microsoft Visual Studio Solution File, Format Version 12.00
# Visual Studio Version 17
VisualStudioVersion = 17.1.32328.378
MinimumVisualStudioVersion = 10.0.40219.1
Project("{FAE04EC0-301F-11D3-BF4B-00C04F79EFBC}") = "StockBot", "StockBot\StockBot.csproj", "{3A222314-C7DC-4AA5-BABE-1A52B253DE80}"
EndProject
Project("{FAE04EC0-301F-11D3-BF4B-00C04F79EFBC}") = "Services", "Services\Services.csproj", "{D4B7ADAF-E4B5-4F55-801B-069311692A70}"
EndProject
Project("{FAE04EC0-301F-11D3-BF4B-00C04F79EFBC}") = "Repositories", "Repositories\Repositories.csproj", "{EAC7B279-FECE-4C53-9E46-263C55AE609A}"
EndProject
Global
	GlobalSection(SolutionConfigurationPlatforms) = preSolution
		Debug|Any CPU = Debug|Any CPU
		Release|Any CPU = Release|Any CPU
	EndGlobalSection
	GlobalSection(ProjectConfigurationPlatforms) = postSolution
		{3A222314-C7DC-4AA5-BABE-1A52B253DE80}.Debug|Any CPU.ActiveCfg = Debug|Any CPU
		{3A222314-C7DC-4AA5-BABE-1A52B253DE80}.Debug|Any CPU.Build.0 = Debug|Any CPU
		{3A222314-C7DC-4AA5-BABE-1A52B253DE80}.Release|Any CPU.ActiveCfg = Release|Any CPU
		{3A222314-C7DC-4AA5-BABE-1A52B253DE80}.Release|Any CPU.Build.0 = Release|Any CPU
		{D4B7ADAF-E4B5-4F55-801B-069311692A70}.Debug|Any CPU.ActiveCfg = Debug|Any CPU
		{D4B7ADAF-E4B5-4F55-801B-069311692A70}.Debug|Any CPU.Build.0 = Debug|Any CPU
		{D4B7ADAF-E4B5-4F55-801B-069311692A70}.Release|Any CPU.ActiveCfg = Release|Any CPU
		{D4B7ADAF-E4B5-4F55-801B-069311692A70}.Release|Any CPU.Build.0 = Release|Any CPU
		{EAC7B279-FECE-4C53-9E46-263C55AE609A}.Debug|Any CPU.ActiveCfg = Debug|Any CPU
		{EAC7B279-FECE-4C53-9E46-263C55AE609A}.Debug|Any CPU.Build.0 = Debug|Any CPU
		{EAC7B279-FECE-4C53-9E46-263C55AE609A}.Release|Any CPU.ActiveCfg = Release|Any CPU
		{EAC7B279-FECE-4C53-9E46-263C55AE609A}.Release|Any CPU.Build.0 = Release|Any CPU
	EndGlobalSection
	GlobalSection(SolutionProperties) = preSolution
		HideSolutionNode = FALSE
	EndGlobalSection
	GlobalSection(ExtensibilityGlobals) = postSolution
		SolutionGuid = {0086022B-71A8-4895-BED9-6E2CD3FDED31}
	EndGlobalSection
EndGlobal
